{
  "lockfile_version": "1",
  "packages": {
    "github:NixOS/nixpkgs/nixpkgs-unstable": {
      "last_modified": "2025-04-23T03:04:08Z",
      "resolved": "github:NixOS/nixpkgs/507b63021ada5fee621b6ca371c4fca9ca46f52c?lastModified=1745377448&narHash=sha256-jhZDfXVKdD7TSEGgzFJQvEEZ2K65UMiqW5YJ2aIqxMA%3D"
    },
    "just@latest": {
      "last_modified": "2025-05-25T15:24:27Z",
      "resolved": "github:NixOS/nixpkgs/bdac72d387dca7f836f6ef1fe547755fb0e9df61#just",
      "source": "devbox-search",
      "version": "1.40.0",
      "systems": {
        "aarch64-darwin": {
          "outputs": [
            {
              "name": "out",
              "path": "/nix/store/3zr8nrrs7vjpm15bi59wranjyhbdljsh-just-1.40.0",
              "default": true
            },
            {
              "name": "man",
              "path": "/nix/store/xx75550s34xc75lhk7xqkma498h0c9fn-just-1.40.0-man",
              "default": true
            },
            {
              "name": "doc",
              "path": "/nix/store/rjc9wn7506xzg21y176cx0cpisx1v7jw-just-1.40.0-doc"
            }
          ],
          "store_path": "/nix/store/3zr8nrrs7vjpm15bi59wranjyhbdljsh-just-1.40.0"
        },
        "aarch64-linux": {
          "outputs": [
            {
              "name": "out",
              "path": "/nix/store/pb4nx8x2nah5djb40dlhh3q8d9f9f52l-just-1.40.0",
              "default": true
            },
            {
              "name": "man",
              "path": "/nix/store/ssclxvqvl4cmp0fzpznpccj7awsz7pqf-just-1.40.0-man",
              "default": true
            },
            {
              "name": "doc",
              "path": "/nix/store/vinimf45hxfqykyjz2m54ylw4fpd79wg-just-1.40.0-doc"
            }
          ],
          "store_path": "/nix/store/pb4nx8x2nah5djb40dlhh3q8d9f9f52l-just-1.40.0"
        },
        "x86_64-darwin": {
          "outputs": [
            {
              "name": "out",
              "path": "/nix/store/2vgr2kh5laq7ly21ahyrmbz4q6gdfd7v-just-1.40.0",
              "default": true
            },
            {
              "name": "man",
              "path": "/nix/store/s8qsrpz57zzy582arggg9kzhxc7wzj42-just-1.40.0-man",
              "default": true
            },
            {
              "name": "doc",
              "path": "/nix/store/jw2gqm7r2j4apylww284vrnvp0aswr83-just-1.40.0-doc"
            }
          ],
          "store_path": "/nix/store/2vgr2kh5laq7ly21ahyrmbz4q6gdfd7v-just-1.40.0"
        },
        "x86_64-linux": {
          "outputs": [
            {
              "name": "out",
              "path": "/nix/store/h0agljrxjv0xrxj6y71fsp8sx751vrd6-just-1.40.0",
              "default": true
            },
            {
              "name": "man",
              "path": "/nix/store/9j1sxj8p91q99nl7f5hdlb0kfv7kww0a-just-1.40.0-man",
              "default": true
            },
            {
              "name": "doc",
              "path": "/nix/store/s70b7w7ndh8fn550xdz0b7hvrxh9zbdm-just-1.40.0-doc"
            }
          ],
          "store_path": "/nix/store/h0agljrxjv0xrxj6y71fsp8sx751vrd6-just-1.40.0"
        }
      }
    },
    "libiconv@latest": {
      "last_modified": "2025-05-16T20:19:48Z",
      "resolved": "github:NixOS/nixpkgs/12a55407652e04dcf2309436eb06fef0d3713ef3#libiconv",
      "source": "devbox-search",
      "version": "109",
      "systems": {
        "aarch64-darwin": {
          "outputs": [
            {
              "name": "out",
              "path": "/nix/store/fhza62gkyw0mp1h2zls6pl1832zjjf26-libiconv-109",
              "default": true
            },
            {
              "name": "dev",
              "path": "/nix/store/m3l5s4b1v7l2hs9dm73i76cx6acry77k-libiconv-109-dev"
            }
          ],
          "store_path": "/nix/store/fhza62gkyw0mp1h2zls6pl1832zjjf26-libiconv-109"
        },
        "x86_64-darwin": {
          "outputs": [
            {
              "name": "out",
              "path": "/nix/store/4hbbb0r290fg4ialgkcz7ic91sb8xal3-libiconv-109",
              "default": true
            },
            {
              "name": "dev",
              "path": "/nix/store/4hnvfdzjbrigl492vn7np90rgx4lwql7-libiconv-109-dev"
            }
          ],
          "store_path": "/nix/store/4hbbb0r290fg4ialgkcz7ic91sb8xal3-libiconv-109"
        }
      }
    },
    "openssl@latest": {
      "last_modified": "2025-07-17T10:11:59Z",
      "resolved": "github:NixOS/nixpkgs/fa0ef8a6bb1651aa26c939aeb51b5f499e86b0ec#openssl",
      "source": "devbox-search",
      "version": "3.5.1",
      "systems": {
        "aarch64-darwin": {
          "outputs": [
            {
              "name": "bin",
              "path": "/nix/store/k22fhwmlcmxlaw7rxzm31qsphi54q85f-openssl-3.5.1-bin",
              "default": true
            },
            {
              "name": "man",
              "path": "/nix/store/kd487zjg998pqib2sfr2kngczi12mc95-openssl-3.5.1-man",
              "default": true
            },
            {
              "name": "dev",
              "path": "/nix/store/mcn0w4mcl6n1ksx3mqdg8fc30qsifxn7-openssl-3.5.1-dev"
            },
            {
              "name": "doc",
              "path": "/nix/store/22rl7728qyr81j68nrbplrgjpz72gxj5-openssl-3.5.1-doc"
            },
            {
              "name": "out",
              "path": "/nix/store/mp06h340r3ylv2kjlf259yiilf70s4jv-openssl-3.5.1"
            }
          ],
          "store_path": "/nix/store/k22fhwmlcmxlaw7rxzm31qsphi54q85f-openssl-3.5.1-bin"
        },
        "aarch64-linux": {
          "outputs": [
            {
              "name": "bin",
              "path": "/nix/store/rz6kxry2fc31m49fa2x5nj7mfszvvfb7-openssl-3.5.1-bin",
              "default": true
            },
            {
              "name": "man",
              "path": "/nix/store/8l36ax4d5s8qg1amc4k5dk1xrr9dv2ry-openssl-3.5.1-man",
              "default": true
            },
            {
              "name": "out",
              "path": "/nix/store/nxgc9iw2hpd4djf68qg4bpvxx1kjbm3y-openssl-3.5.1"
            },
            {
              "name": "debug",
              "path": "/nix/store/k23zsb22j81bnlhcfx732r30cnxkwnc1-openssl-3.5.1-debug"
            },
            {
              "name": "dev",
              "path": "/nix/store/5i2b3p7l3q2g12arpdjfknbng9l9wjif-openssl-3.5.1-dev"
            },
            {
              "name": "doc",
              "path": "/nix/store/lpxv5jwz8pfjdikf2iravd5jpaph79ar-openssl-3.5.1-doc"
            }
          ],
          "store_path": "/nix/store/rz6kxry2fc31m49fa2x5nj7mfszvvfb7-openssl-3.5.1-bin"
        },
        "x86_64-darwin": {
          "outputs": [
            {
              "name": "bin",
              "path": "/nix/store/2xgjz3agqfjvx0zqh0aanq1pnghqfjsp-openssl-3.5.1-bin",
              "default": true
            },
            {
              "name": "man",
              "path": "/nix/store/cm3762afqpzmk3s1a2nvdaqcyky5avyy-openssl-3.5.1-man",
              "default": true
            },
            {
              "name": "out",
              "path": "/nix/store/638jm6swlfnsl7liyy63krwsijclzsli-openssl-3.5.1"
            },
            {
              "name": "dev",
              "path": "/nix/store/66gas9mcxdchlnrg6ysgprr4awq4nkbw-openssl-3.5.1-dev"
            },
            {
              "name": "doc",
              "path": "/nix/store/9bsmrw171v549cj6jrm2dgn54qyyp9s9-openssl-3.5.1-doc"
            }
          ],
          "store_path": "/nix/store/2xgjz3agqfjvx0zqh0aanq1pnghqfjsp-openssl-3.5.1-bin"
        },
        "x86_64-linux": {
          "outputs": [
            {
              "name": "bin",
              "path": "/nix/store/x9h21yvdf2sz1wfa5g3ppd0g8c7jcga9-openssl-3.5.1-bin",
              "default": true
            },
            {
              "name": "man",
              "path": "/nix/store/x713vmzf9pqcskp600j69rdc0j338k3s-openssl-3.5.1-man",
              "default": true
            },
            {
              "name": "debug",
              "path": "/nix/store/ccp1lgds4yzv2f8smsdcphyd2ffn3946-openssl-3.5.1-debug"
            },
            {
              "name": "dev",
              "path": "/nix/store/jyi9ix8mpg6zb22d14ibsxblyz7qm9lw-openssl-3.5.1-dev"
            },
            {
              "name": "doc",
              "path": "/nix/store/xsyhll6inxy2nkp6gxamhifpr459ycwi-openssl-3.5.1-doc"
            },
            {
              "name": "out",
              "path": "/nix/store/wadq4gzybbvg5243d90l9x4mw3459r3a-openssl-3.5.1"
            }
          ],
          "store_path": "/nix/store/x9h21yvdf2sz1wfa5g3ppd0g8c7jcga9-openssl-3.5.1-bin"
        }
      }
    },
    "pkg-config@latest": {
      "last_modified": "2025-07-13T22:45:35Z",
      "resolved": "github:NixOS/nixpkgs/a421ac6595024edcfbb1ef950a3712b89161c359#pkg-config",
      "source": "devbox-search",
      "version": "0.29.2",
      "systems": {
        "aarch64-darwin": {
          "outputs": [
            {
              "name": "out",
              "path": "/nix/store/ln3ag9li111lb1z3d5kx85lmbwl02jxl-pkg-config-wrapper-0.29.2",
              "default": true
            },
            {
              "name": "man",
              "path": "/nix/store/mzinwf7wbz9bjpabxlf282jz063cqm0a-pkg-config-wrapper-0.29.2-man",
              "default": true
            },
            {
              "name": "doc",
              "path": "/nix/store/sjzdp47pc9islgv9yrb86v15z1fhl4s3-pkg-config-wrapper-0.29.2-doc"
            }
          ],
          "store_path": "/nix/store/ln3ag9li111lb1z3d5kx85lmbwl02jxl-pkg-config-wrapper-0.29.2"
        },
        "aarch64-linux": {
          "outputs": [
            {
              "name": "out",
              "path": "/nix/store/8xrwhdy4xjigawram5dbny74770464yi-pkg-config-wrapper-0.29.2",
              "default": true
            },
            {
              "name": "man",
              "path": "/nix/store/6wqf1vc84w4s7j0yyhakhjchf7fbbk9a-pkg-config-wrapper-0.29.2-man",
              "default": true
            },
            {
              "name": "doc",
              "path": "/nix/store/7f813rg7vj5ay0gvgwrjr7wf1j20j5rb-pkg-config-wrapper-0.29.2-doc"
            }
          ],
          "store_path": "/nix/store/8xrwhdy4xjigawram5dbny74770464yi-pkg-config-wrapper-0.29.2"
        },
        "x86_64-darwin": {
          "outputs": [
            {
              "name": "out",
              "path": "/nix/store/8awl29877crxfik0kypxcw2fgsj278qc-pkg-config-wrapper-0.29.2",
              "default": true
            },
            {
              "name": "man",
              "path": "/nix/store/0gyljbb8s4yq7hscv3330skbz6rnxshn-pkg-config-wrapper-0.29.2-man",
              "default": true
            },
            {
              "name": "doc",
              "path": "/nix/store/aynq77v8d0axk0x6v3asb3cbdsmvqyhn-pkg-config-wrapper-0.29.2-doc"
            }
          ],
          "store_path": "/nix/store/8awl29877crxfik0kypxcw2fgsj278qc-pkg-config-wrapper-0.29.2"
        },
        "x86_64-linux": {
          "outputs": [
            {
              "name": "out",
              "path": "/nix/store/rxz7i1sj19nrcmyk4sg49i2h1vfaazby-pkg-config-wrapper-0.29.2",
              "default": true
            },
            {
              "name": "man",
              "path": "/nix/store/z11lns38jrq1mb37cqlqwg19shgvnq1k-pkg-config-wrapper-0.29.2-man",
              "default": true
            },
            {
              "name": "doc",
              "path": "/nix/store/aq64w9jjm6gmizlxh1a362jjcfwlzsz2-pkg-config-wrapper-0.29.2-doc"
            }
          ],
          "store_path": "/nix/store/rxz7i1sj19nrcmyk4sg49i2h1vfaazby-pkg-config-wrapper-0.29.2"
        }
      }
    },
    "process-compose@latest": {
      "last_modified": "2025-05-16T20:19:48Z",
      "resolved": "github:NixOS/nixpkgs/12a55407652e04dcf2309436eb06fef0d3713ef3#process-compose",
      "source": "devbox-search",
      "version": "1.64.1",
      "systems": {
        "aarch64-darwin": {
          "outputs": [
            {
              "name": "out",
              "path": "/nix/store/yffykcwzkaqy490wzkiyw0ff6lss5fcx-process-compose-1.64.1",
              "default": true
            }
          ],
          "store_path": "/nix/store/yffykcwzkaqy490wzkiyw0ff6lss5fcx-process-compose-1.64.1"
        },
        "aarch64-linux": {
          "outputs": [
            {
              "name": "out",
              "path": "/nix/store/2n23nlnm52pi84vn3g8mg14xxsg5ww00-process-compose-1.64.1",
              "default": true
            }
          ],
          "store_path": "/nix/store/2n23nlnm52pi84vn3g8mg14xxsg5ww00-process-compose-1.64.1"
        },
        "x86_64-darwin": {
          "outputs": [
            {
              "name": "out",
              "path": "/nix/store/g3r6rxrfk09vfv19rzpd6fmc9s75d21p-process-compose-1.64.1",
              "default": true
            }
          ],
          "store_path": "/nix/store/g3r6rxrfk09vfv19rzpd6fmc9s75d21p-process-compose-1.64.1"
        },
        "x86_64-linux": {
          "outputs": [
            {
              "name": "out",
              "path": "/nix/store/4hymfhkv9ldhbjqz6wjln05bhyxfd9xl-process-compose-1.64.1",
              "default": true
            }
          ],
          "store_path": "/nix/store/4hymfhkv9ldhbjqz6wjln05bhyxfd9xl-process-compose-1.64.1"
        }
      }
    },
    "rustup@latest": {
      "last_modified": "2025-05-16T20:19:48Z",
      "plugin_version": "0.0.1",
      "resolved": "github:NixOS/nixpkgs/12a55407652e04dcf2309436eb06fef0d3713ef3#rustup",
      "source": "devbox-search",
      "version": "1.27.1",
      "systems": {
        "aarch64-darwin": {
          "outputs": [
            {
              "name": "out",
              "path": "/nix/store/k6cwh3783zrxiqqyzbj6mnrfqbqlbkgj-rustup-1.27.1",
              "default": true
            }
          ],
          "store_path": "/nix/store/k6cwh3783zrxiqqyzbj6mnrfqbqlbkgj-rustup-1.27.1"
        },
        "aarch64-linux": {
          "outputs": [
            {
              "name": "out",
              "path": "/nix/store/y4x5l59dq2ayl74b7n9s1bk10gnbvnif-rustup-1.27.1",
              "default": true
            }
          ],
          "store_path": "/nix/store/y4x5l59dq2ayl74b7n9s1bk10gnbvnif-rustup-1.27.1"
        },
        "x86_64-darwin": {
          "outputs": [
            {
              "name": "out",
              "path": "/nix/store/sf8gwlgwgg0ik0scq7719ja356m0yqfs-rustup-1.27.1",
              "default": true
            }
          ],
          "store_path": "/nix/store/sf8gwlgwgg0ik0scq7719ja356m0yqfs-rustup-1.27.1"
        },
        "x86_64-linux": {
          "outputs": [
            {
              "name": "out",
              "path": "/nix/store/vg6d0qm7mpmsmm03h8fm68cffxjkqrvr-rustup-1.27.1",
              "default": true
            }
          ],
          "store_path": "/nix/store/vg6d0qm7mpmsmm03h8fm68cffxjkqrvr-rustup-1.27.1"
        }
      }
    }
  }
}
