{
  "lockfile_version": "1",
  "packages": {
    "github:NixOS/nixpkgs/nixpkgs-unstable": {
      "last_modified": "2025-04-23T03:04:08Z",
      "resolved": "github:NixOS/nixpkgs/507b63021ada5fee621b6ca371c4fca9ca46f52c?lastModified=1745377448&narHash=sha256-jhZDfXVKdD7TSEGgzFJQvEEZ2K65UMiqW5YJ2aIqxMA%3D"
    },
    "just@latest": {
      "last_modified": "2025-05-25T15:24:27Z",
      "resolved": "github:NixOS/nixpkgs/bdac72d387dca7f836f6ef1fe547755fb0e9df61#just",
      "source": "devbox-search",
      "version": "1.40.0",
      "systems": {
        "aarch64-darwin": {
          "outputs": [
            {
              "name": "out",
              "path": "/nix/store/3zr8nrrs7vjpm15bi59wranjyhbdljsh-just-1.40.0",
              "default": true
            },
            {
              "name": "man",
              "path": "/nix/store/xx75550s34xc75lhk7xqkma498h0c9fn-just-1.40.0-man",
              "default": true
            },
            {
              "name": "doc",
              "path": "/nix/store/rjc9wn7506xzg21y176cx0cpisx1v7jw-just-1.40.0-doc"
            }
          ],
          "store_path": "/nix/store/3zr8nrrs7vjpm15bi59wranjyhbdljsh-just-1.40.0"
        },
        "aarch64-linux": {
          "outputs": [
            {
              "name": "out",
              "path": "/nix/store/pb4nx8x2nah5djb40dlhh3q8d9f9f52l-just-1.40.0",
              "default": true
            },
            {
              "name": "man",
              "path": "/nix/store/ssclxvqvl4cmp0fzpznpccj7awsz7pqf-just-1.40.0-man",
              "default": true
            },
            {
              "name": "doc",
              "path": "/nix/store/vinimf45hxfqykyjz2m54ylw4fpd79wg-just-1.40.0-doc"
            }
          ],
          "store_path": "/nix/store/pb4nx8x2nah5djb40dlhh3q8d9f9f52l-just-1.40.0"
        },
        "x86_64-darwin": {
          "outputs": [
            {
              "name": "out",
              "path": "/nix/store/2vgr2kh5laq7ly21ahyrmbz4q6gdfd7v-just-1.40.0",
              "default": true
            },
            {
              "name": "man",
              "path": "/nix/store/s8qsrpz57zzy582arggg9kzhxc7wzj42-just-1.40.0-man",
              "default": true
            },
            {
              "name": "doc",
              "path": "/nix/store/jw2gqm7r2j4apylww284vrnvp0aswr83-just-1.40.0-doc"
            }
          ],
          "store_path": "/nix/store/2vgr2kh5laq7ly21ahyrmbz4q6gdfd7v-just-1.40.0"
        },
        "x86_64-linux": {
          "outputs": [
            {
              "name": "out",
              "path": "/nix/store/h0agljrxjv0xrxj6y71fsp8sx751vrd6-just-1.40.0",
              "default": true
            },
            {
              "name": "man",
              "path": "/nix/store/9j1sxj8p91q99nl7f5hdlb0kfv7kww0a-just-1.40.0-man",
              "default": true
            },
            {
              "name": "doc",
              "path": "/nix/store/s70b7w7ndh8fn550xdz0b7hvrxh9zbdm-just-1.40.0-doc"
            }
          ],
          "store_path": "/nix/store/h0agljrxjv0xrxj6y71fsp8sx751vrd6-just-1.40.0"
        }
      }
    },
    "libiconv@latest": {
      "last_modified": "2025-05-16T20:19:48Z",
      "resolved": "github:NixOS/nixpkgs/12a55407652e04dcf2309436eb06fef0d3713ef3#libiconv",
      "source": "devbox-search",
      "version": "109",
      "systems": {
        "aarch64-darwin": {
          "outputs": [
            {
              "name": "out",
              "path": "/nix/store/fhza62gkyw0mp1h2zls6pl1832zjjf26-libiconv-109",
              "default": true
            },
            {
              "name": "dev",
              "path": "/nix/store/m3l5s4b1v7l2hs9dm73i76cx6acry77k-libiconv-109-dev"
            }
          ],
          "store_path": "/nix/store/fhza62gkyw0mp1h2zls6pl1832zjjf26-libiconv-109"
        },
        "x86_64-darwin": {
          "outputs": [
            {
              "name": "out",
              "path": "/nix/store/4hbbb0r290fg4ialgkcz7ic91sb8xal3-libiconv-109",
              "default": true
            },
            {
              "name": "dev",
              "path": "/nix/store/4hnvfdzjbrigl492vn7np90rgx4lwql7-libiconv-109-dev"
            }
          ],
          "store_path": "/nix/store/4hbbb0r290fg4ialgkcz7ic91sb8xal3-libiconv-109"
        }
      }
    },
    "nodejs@22": {
      "last_modified": "2025-05-27T11:07:55Z",
      "plugin_version": "0.0.2",
      "resolved": "github:NixOS/nixpkgs/e0042dedfbc9134ef973f64e5c7f56a38cc5cc97#nodejs_22",
      "source": "devbox-search",
      "version": "22.14.0",
      "systems": {
        "aarch64-darwin": {
          "outputs": [
            {
              "name": "out",
              "path": "/nix/store/g5bv4gi6p7ryhs2hbaryxs6ivsxa6lqc-nodejs-22.14.0",
              "default": true
            },
            {
              "name": "dev",
              "path": "/nix/store/96vpirdcns8zxdwzwl7n804012lwrf1n-nodejs-22.14.0-dev"
            },
            {
              "name": "libv8",
              "path": "/nix/store/xph2837xqjnra80mqlk64xp7vb3kkqxs-nodejs-22.14.0-libv8"
            }
          ],
          "store_path": "/nix/store/g5bv4gi6p7ryhs2hbaryxs6ivsxa6lqc-nodejs-22.14.0"
        },
        "aarch64-linux": {
          "outputs": [
            {
              "name": "out",
              "path": "/nix/store/cwb781xbp70f72njqh8vhvbsf1xq87i5-nodejs-22.14.0",
              "default": true
            },
            {
              "name": "dev",
              "path": "/nix/store/0w5mql46am2qai707a42q983l44l1h9z-nodejs-22.14.0-dev"
            },
            {
              "name": "libv8",
              "path": "/nix/store/vy56lahz381ayvw3hym3wj4r4ggv7gbk-nodejs-22.14.0-libv8"
            }
          ],
          "store_path": "/nix/store/cwb781xbp70f72njqh8vhvbsf1xq87i5-nodejs-22.14.0"
        },
        "x86_64-darwin": {
          "outputs": [
            {
              "name": "out",
              "path": "/nix/store/086zjv14ipka2vbpgwil3xyvi5ml4vh3-nodejs-22.14.0",
              "default": true
            },
            {
              "name": "dev",
              "path": "/nix/store/24n01nfvy908pwzwpgsl0k4227187i7i-nodejs-22.14.0-dev"
            },
            {
              "name": "libv8",
              "path": "/nix/store/jiwk0in1wk85crn9vp03gg937gbh1s0w-nodejs-22.14.0-libv8"
            }
          ],
          "store_path": "/nix/store/086zjv14ipka2vbpgwil3xyvi5ml4vh3-nodejs-22.14.0"
        },
        "x86_64-linux": {
          "outputs": [
            {
              "name": "out",
              "path": "/nix/store/c8jxsih8yy2rnncdmx2hyraizf689nvp-nodejs-22.14.0",
              "default": true
            },
            {
              "name": "libv8",
              "path": "/nix/store/s8gnrgh9hgnbkrc1wrn21d6zvkbvm9vi-nodejs-22.14.0-libv8"
            },
            {
              "name": "dev",
              "path": "/nix/store/xw8c1c0inxq3xl1d7axz19vq8c05kjk5-nodejs-22.14.0-dev"
            }
          ],
          "store_path": "/nix/store/c8jxsih8yy2rnncdmx2hyraizf689nvp-nodejs-22.14.0"
        }
      }
    },
    "process-compose@latest": {
      "last_modified": "2025-05-16T20:19:48Z",
      "resolved": "github:NixOS/nixpkgs/12a55407652e04dcf2309436eb06fef0d3713ef3#process-compose",
      "source": "devbox-search",
      "version": "1.64.1",
      "systems": {
        "aarch64-darwin": {
          "outputs": [
            {
              "name": "out",
              "path": "/nix/store/yffykcwzkaqy490wzkiyw0ff6lss5fcx-process-compose-1.64.1",
              "default": true
            }
          ],
          "store_path": "/nix/store/yffykcwzkaqy490wzkiyw0ff6lss5fcx-process-compose-1.64.1"
        },
        "aarch64-linux": {
          "outputs": [
            {
              "name": "out",
              "path": "/nix/store/2n23nlnm52pi84vn3g8mg14xxsg5ww00-process-compose-1.64.1",
              "default": true
            }
          ],
          "store_path": "/nix/store/2n23nlnm52pi84vn3g8mg14xxsg5ww00-process-compose-1.64.1"
        },
        "x86_64-darwin": {
          "outputs": [
            {
              "name": "out",
              "path": "/nix/store/g3r6rxrfk09vfv19rzpd6fmc9s75d21p-process-compose-1.64.1",
              "default": true
            }
          ],
          "store_path": "/nix/store/g3r6rxrfk09vfv19rzpd6fmc9s75d21p-process-compose-1.64.1"
        },
        "x86_64-linux": {
          "outputs": [
            {
              "name": "out",
              "path": "/nix/store/4hymfhkv9ldhbjqz6wjln05bhyxfd9xl-process-compose-1.64.1",
              "default": true
            }
          ],
          "store_path": "/nix/store/4hymfhkv9ldhbjqz6wjln05bhyxfd9xl-process-compose-1.64.1"
        }
      }
    },
    "rustup@latest": {
      "last_modified": "2025-05-16T20:19:48Z",
      "plugin_version": "0.0.1",
      "resolved": "github:NixOS/nixpkgs/12a55407652e04dcf2309436eb06fef0d3713ef3#rustup",
      "source": "devbox-search",
      "version": "1.27.1",
      "systems": {
        "aarch64-darwin": {
          "outputs": [
            {
              "name": "out",
              "path": "/nix/store/k6cwh3783zrxiqqyzbj6mnrfqbqlbkgj-rustup-1.27.1",
              "default": true
            }
          ],
          "store_path": "/nix/store/k6cwh3783zrxiqqyzbj6mnrfqbqlbkgj-rustup-1.27.1"
        },
        "aarch64-linux": {
          "outputs": [
            {
              "name": "out",
              "path": "/nix/store/y4x5l59dq2ayl74b7n9s1bk10gnbvnif-rustup-1.27.1",
              "default": true
            }
          ],
          "store_path": "/nix/store/y4x5l59dq2ayl74b7n9s1bk10gnbvnif-rustup-1.27.1"
        },
        "x86_64-darwin": {
          "outputs": [
            {
              "name": "out",
              "path": "/nix/store/sf8gwlgwgg0ik0scq7719ja356m0yqfs-rustup-1.27.1",
              "default": true
            }
          ],
          "store_path": "/nix/store/sf8gwlgwgg0ik0scq7719ja356m0yqfs-rustup-1.27.1"
        },
        "x86_64-linux": {
          "outputs": [
            {
              "name": "out",
              "path": "/nix/store/vg6d0qm7mpmsmm03h8fm68cffxjkqrvr-rustup-1.27.1",
              "default": true
            }
          ],
          "store_path": "/nix/store/vg6d0qm7mpmsmm03h8fm68cffxjkqrvr-rustup-1.27.1"
        }
      }
    }
  }
}
