{
  "lockfile_version": "1",
  "packages": {
    "github:NixOS/nixpkgs/nixpkgs-unstable": {
      "last_modified": "2025-07-17T10:11:59Z",
      "resolved": "github:NixOS/nixpkgs/fa0ef8a6bb1651aa26c939aeb51b5f499e86b0ec?lastModified=1752747119&narHash=sha256-2Kp9St3Pbsmu%2BxMsobLcgzzUxPvZR7alVJWyuk2BAPc%3D"
    },
    "just@latest": {
      "last_modified": "2025-07-17T10:11:59Z",
      "resolved": "github:NixOS/nixpkgs/fa0ef8a6bb1651aa26c939aeb51b5f499e86b0ec#just",
      "source": "devbox-search",
      "version": "1.42.2",
      "systems": {
        "aarch64-darwin": {
          "outputs": [
            {
              "name": "out",
              "path": "/nix/store/bbscip33z6spdvgxvpybhiw9n2ahfmkr-just-1.42.2",
              "default": true
            },
            {
              "name": "man",
              "path": "/nix/store/2nfbcl3aqbwa4mgax71v7zqynl8ndp83-just-1.42.2-man",
              "default": true
            },
            {
              "name": "doc",
              "path": "/nix/store/nj493p7rvwvp7r102ai8rl3xijh17r5n-just-1.42.2-doc"
            }
          ],
          "store_path": "/nix/store/bbscip33z6spdvgxvpybhiw9n2ahfmkr-just-1.42.2"
        },
        "aarch64-linux": {
          "outputs": [
            {
              "name": "out",
              "path": "/nix/store/had8mpw7g47cqxr9iklj3f5irgmz1wny-just-1.42.2",
              "default": true
            },
            {
              "name": "man",
              "path": "/nix/store/1kr1w6bdhmas55saglvdn4k0j0kzw44a-just-1.42.2-man",
              "default": true
            },
            {
              "name": "doc",
              "path": "/nix/store/0yn9h5fa70l6ajd39bs7cqi383ar7r4g-just-1.42.2-doc"
            }
          ],
          "store_path": "/nix/store/had8mpw7g47cqxr9iklj3f5irgmz1wny-just-1.42.2"
        },
        "x86_64-darwin": {
          "outputs": [
            {
              "name": "out",
              "path": "/nix/store/23drqxzby6aixv50b7miv17c40r1ys6z-just-1.42.2",
              "default": true
            },
            {
              "name": "man",
              "path": "/nix/store/63lcx93i2rwcv9dvgksir5id3w5z346n-just-1.42.2-man",
              "default": true
            },
            {
              "name": "doc",
              "path": "/nix/store/c52nmiba966amnkabxsalhq9m2dqysjz-just-1.42.2-doc"
            }
          ],
          "store_path": "/nix/store/23drqxzby6aixv50b7miv17c40r1ys6z-just-1.42.2"
        },
        "x86_64-linux": {
          "outputs": [
            {
              "name": "out",
              "path": "/nix/store/bsmd2bjsqpb6988gv1a3b16ifk3clki5-just-1.42.2",
              "default": true
            },
            {
              "name": "man",
              "path": "/nix/store/2p4g5x3a79nkwgsyb79017zifs2c5954-just-1.42.2-man",
              "default": true
            },
            {
              "name": "doc",
              "path": "/nix/store/cl0ln5hbn864913dn7pvvjn83i074bjj-just-1.42.2-doc"
            }
          ],
          "store_path": "/nix/store/bsmd2bjsqpb6988gv1a3b16ifk3clki5-just-1.42.2"
        }
      }
    },
    "libiconv@latest": {
      "last_modified": "2025-07-13T22:45:35Z",
      "resolved": "github:NixOS/nixpkgs/a421ac6595024edcfbb1ef950a3712b89161c359#libiconv",
      "source": "devbox-search",
      "version": "109",
      "systems": {
        "aarch64-darwin": {
          "outputs": [
            {
              "name": "out",
              "path": "/nix/store/vjvl6dfpg2qz1kmdc4ygwk3xj95am86s-libiconv-109",
              "default": true
            },
            {
              "name": "dev",
              "path": "/nix/store/47zjgc6sslic1gnqdg78jad0wvbca035-libiconv-109-dev"
            }
          ],
          "store_path": "/nix/store/vjvl6dfpg2qz1kmdc4ygwk3xj95am86s-libiconv-109"
        },
        "x86_64-darwin": {
          "outputs": [
            {
              "name": "out",
              "path": "/nix/store/fl0j823q7w6y7ghlvj9s02qc0fy5c627-libiconv-109",
              "default": true
            },
            {
              "name": "dev",
              "path": "/nix/store/ay9x8896ai0iasciz3j3gqrhzr2gwn3g-libiconv-109-dev"
            }
          ],
          "store_path": "/nix/store/fl0j823q7w6y7ghlvj9s02qc0fy5c627-libiconv-109"
        }
      }
    },
    "openssl@latest": {
      "last_modified": "2025-07-17T10:11:59Z",
      "resolved": "github:NixOS/nixpkgs/fa0ef8a6bb1651aa26c939aeb51b5f499e86b0ec#openssl",
      "source": "devbox-search",
      "version": "3.5.1",
      "systems": {
        "aarch64-darwin": {
          "outputs": [
            {
              "name": "bin",
              "path": "/nix/store/k22fhwmlcmxlaw7rxzm31qsphi54q85f-openssl-3.5.1-bin",
              "default": true
            },
            {
              "name": "man",
              "path": "/nix/store/kd487zjg998pqib2sfr2kngczi12mc95-openssl-3.5.1-man",
              "default": true
            },
            {
              "name": "dev",
              "path": "/nix/store/mcn0w4mcl6n1ksx3mqdg8fc30qsifxn7-openssl-3.5.1-dev"
            },
            {
              "name": "doc",
              "path": "/nix/store/22rl7728qyr81j68nrbplrgjpz72gxj5-openssl-3.5.1-doc"
            },
            {
              "name": "out",
              "path": "/nix/store/mp06h340r3ylv2kjlf259yiilf70s4jv-openssl-3.5.1"
            }
          ],
          "store_path": "/nix/store/k22fhwmlcmxlaw7rxzm31qsphi54q85f-openssl-3.5.1-bin"
        },
        "aarch64-linux": {
          "outputs": [
            {
              "name": "bin",
              "path": "/nix/store/rz6kxry2fc31m49fa2x5nj7mfszvvfb7-openssl-3.5.1-bin",
              "default": true
            },
            {
              "name": "man",
              "path": "/nix/store/8l36ax4d5s8qg1amc4k5dk1xrr9dv2ry-openssl-3.5.1-man",
              "default": true
            },
            {
              "name": "out",
              "path": "/nix/store/nxgc9iw2hpd4djf68qg4bpvxx1kjbm3y-openssl-3.5.1"
            },
            {
              "name": "debug",
              "path": "/nix/store/k23zsb22j81bnlhcfx732r30cnxkwnc1-openssl-3.5.1-debug"
            },
            {
              "name": "dev",
              "path": "/nix/store/5i2b3p7l3q2g12arpdjfknbng9l9wjif-openssl-3.5.1-dev"
            },
            {
              "name": "doc",
              "path": "/nix/store/lpxv5jwz8pfjdikf2iravd5jpaph79ar-openssl-3.5.1-doc"
            }
          ],
          "store_path": "/nix/store/rz6kxry2fc31m49fa2x5nj7mfszvvfb7-openssl-3.5.1-bin"
        },
        "x86_64-darwin": {
          "outputs": [
            {
              "name": "bin",
              "path": "/nix/store/2xgjz3agqfjvx0zqh0aanq1pnghqfjsp-openssl-3.5.1-bin",
              "default": true
            },
            {
              "name": "man",
              "path": "/nix/store/cm3762afqpzmk3s1a2nvdaqcyky5avyy-openssl-3.5.1-man",
              "default": true
            },
            {
              "name": "out",
              "path": "/nix/store/638jm6swlfnsl7liyy63krwsijclzsli-openssl-3.5.1"
            },
            {
              "name": "dev",
              "path": "/nix/store/66gas9mcxdchlnrg6ysgprr4awq4nkbw-openssl-3.5.1-dev"
            },
            {
              "name": "doc",
              "path": "/nix/store/9bsmrw171v549cj6jrm2dgn54qyyp9s9-openssl-3.5.1-doc"
            }
          ],
          "store_path": "/nix/store/2xgjz3agqfjvx0zqh0aanq1pnghqfjsp-openssl-3.5.1-bin"
        },
        "x86_64-linux": {
          "outputs": [
            {
              "name": "bin",
              "path": "/nix/store/x9h21yvdf2sz1wfa5g3ppd0g8c7jcga9-openssl-3.5.1-bin",
              "default": true
            },
            {
              "name": "man",
              "path": "/nix/store/x713vmzf9pqcskp600j69rdc0j338k3s-openssl-3.5.1-man",
              "default": true
            },
            {
              "name": "debug",
              "path": "/nix/store/ccp1lgds4yzv2f8smsdcphyd2ffn3946-openssl-3.5.1-debug"
            },
            {
              "name": "dev",
              "path": "/nix/store/jyi9ix8mpg6zb22d14ibsxblyz7qm9lw-openssl-3.5.1-dev"
            },
            {
              "name": "doc",
              "path": "/nix/store/xsyhll6inxy2nkp6gxamhifpr459ycwi-openssl-3.5.1-doc"
            },
            {
              "name": "out",
              "path": "/nix/store/wadq4gzybbvg5243d90l9x4mw3459r3a-openssl-3.5.1"
            }
          ],
          "store_path": "/nix/store/x9h21yvdf2sz1wfa5g3ppd0g8c7jcga9-openssl-3.5.1-bin"
        }
      }
    },
    "pkg-config@latest": {
      "last_modified": "2025-07-13T22:45:35Z",
      "resolved": "github:NixOS/nixpkgs/a421ac6595024edcfbb1ef950a3712b89161c359#pkg-config",
      "source": "devbox-search",
      "version": "0.29.2",
      "systems": {
        "aarch64-darwin": {
          "outputs": [
            {
              "name": "out",
              "path": "/nix/store/ln3ag9li111lb1z3d5kx85lmbwl02jxl-pkg-config-wrapper-0.29.2",
              "default": true
            },
            {
              "name": "man",
              "path": "/nix/store/mzinwf7wbz9bjpabxlf282jz063cqm0a-pkg-config-wrapper-0.29.2-man",
              "default": true
            },
            {
              "name": "doc",
              "path": "/nix/store/sjzdp47pc9islgv9yrb86v15z1fhl4s3-pkg-config-wrapper-0.29.2-doc"
            }
          ],
          "store_path": "/nix/store/ln3ag9li111lb1z3d5kx85lmbwl02jxl-pkg-config-wrapper-0.29.2"
        },
        "aarch64-linux": {
          "outputs": [
            {
              "name": "out",
              "path": "/nix/store/8xrwhdy4xjigawram5dbny74770464yi-pkg-config-wrapper-0.29.2",
              "default": true
            },
            {
              "name": "man",
              "path": "/nix/store/6wqf1vc84w4s7j0yyhakhjchf7fbbk9a-pkg-config-wrapper-0.29.2-man",
              "default": true
            },
            {
              "name": "doc",
              "path": "/nix/store/7f813rg7vj5ay0gvgwrjr7wf1j20j5rb-pkg-config-wrapper-0.29.2-doc"
            }
          ],
          "store_path": "/nix/store/8xrwhdy4xjigawram5dbny74770464yi-pkg-config-wrapper-0.29.2"
        },
        "x86_64-darwin": {
          "outputs": [
            {
              "name": "out",
              "path": "/nix/store/8awl29877crxfik0kypxcw2fgsj278qc-pkg-config-wrapper-0.29.2",
              "default": true
            },
            {
              "name": "man",
              "path": "/nix/store/0gyljbb8s4yq7hscv3330skbz6rnxshn-pkg-config-wrapper-0.29.2-man",
              "default": true
            },
            {
              "name": "doc",
              "path": "/nix/store/aynq77v8d0axk0x6v3asb3cbdsmvqyhn-pkg-config-wrapper-0.29.2-doc"
            }
          ],
          "store_path": "/nix/store/8awl29877crxfik0kypxcw2fgsj278qc-pkg-config-wrapper-0.29.2"
        },
        "x86_64-linux": {
          "outputs": [
            {
              "name": "out",
              "path": "/nix/store/rxz7i1sj19nrcmyk4sg49i2h1vfaazby-pkg-config-wrapper-0.29.2",
              "default": true
            },
            {
              "name": "man",
              "path": "/nix/store/z11lns38jrq1mb37cqlqwg19shgvnq1k-pkg-config-wrapper-0.29.2-man",
              "default": true
            },
            {
              "name": "doc",
              "path": "/nix/store/aq64w9jjm6gmizlxh1a362jjcfwlzsz2-pkg-config-wrapper-0.29.2-doc"
            }
          ],
          "store_path": "/nix/store/rxz7i1sj19nrcmyk4sg49i2h1vfaazby-pkg-config-wrapper-0.29.2"
        }
      }
    },
    "process-compose@latest": {
      "last_modified": "2025-07-13T22:45:35Z",
      "resolved": "github:NixOS/nixpkgs/a421ac6595024edcfbb1ef950a3712b89161c359#process-compose",
      "source": "devbox-search",
      "version": "1.64.1",
      "systems": {
        "aarch64-darwin": {
          "outputs": [
            {
              "name": "out",
              "path": "/nix/store/mwyrbv8b5m4iqsb3a12mqgi7y6bd3zcb-process-compose-1.64.1",
              "default": true
            }
          ],
          "store_path": "/nix/store/mwyrbv8b5m4iqsb3a12mqgi7y6bd3zcb-process-compose-1.64.1"
        },
        "aarch64-linux": {
          "outputs": [
            {
              "name": "out",
              "path": "/nix/store/g6wf0vwlx2zpvb45046pwayqf5vn3gg0-process-compose-1.64.1",
              "default": true
            }
          ],
          "store_path": "/nix/store/g6wf0vwlx2zpvb45046pwayqf5vn3gg0-process-compose-1.64.1"
        },
        "x86_64-darwin": {
          "outputs": [
            {
              "name": "out",
              "path": "/nix/store/j2ll99ghhp6l1rcj1ln37y0ygmh78w5k-process-compose-1.64.1",
              "default": true
            }
          ],
          "store_path": "/nix/store/j2ll99ghhp6l1rcj1ln37y0ygmh78w5k-process-compose-1.64.1"
        },
        "x86_64-linux": {
          "outputs": [
            {
              "name": "out",
              "path": "/nix/store/42xwd8m3hg0nyknd2kanx1hwbn06ivan-process-compose-1.64.1",
              "default": true
            }
          ],
          "store_path": "/nix/store/42xwd8m3hg0nyknd2kanx1hwbn06ivan-process-compose-1.64.1"
        }
      }
    },
    "rustup@latest": {
      "last_modified": "2025-07-13T22:45:35Z",
      "plugin_version": "0.0.1",
      "resolved": "github:NixOS/nixpkgs/a421ac6595024edcfbb1ef950a3712b89161c359#rustup",
      "source": "devbox-search",
      "version": "1.28.2",
      "systems": {
        "aarch64-darwin": {
          "outputs": [
            {
              "name": "out",
              "path": "/nix/store/cm002v6ahmbvg813mawx1jfyshyc6kvz-rustup-1.28.2",
              "default": true
            }
          ],
          "store_path": "/nix/store/cm002v6ahmbvg813mawx1jfyshyc6kvz-rustup-1.28.2"
        },
        "aarch64-linux": {
          "outputs": [
            {
              "name": "out",
              "path": "/nix/store/vdgmci02cp2wqqp3l7mnv5s4xmzlmcia-rustup-1.28.2",
              "default": true
            }
          ],
          "store_path": "/nix/store/vdgmci02cp2wqqp3l7mnv5s4xmzlmcia-rustup-1.28.2"
        },
        "x86_64-darwin": {
          "outputs": [
            {
              "name": "out",
              "path": "/nix/store/swyqkqsn1ky5g1a4wpw1rc4wn1kplsg7-rustup-1.28.2",
              "default": true
            }
          ],
          "store_path": "/nix/store/swyqkqsn1ky5g1a4wpw1rc4wn1kplsg7-rustup-1.28.2"
        },
        "x86_64-linux": {
          "outputs": [
            {
              "name": "out",
              "path": "/nix/store/rnf8wb305f8508hnkjgi0i3vy2522b5w-rustup-1.28.2",
              "default": true
            }
          ],
          "store_path": "/nix/store/rnf8wb305f8508hnkjgi0i3vy2522b5w-rustup-1.28.2"
        }
      }
    }
  }
}
